
Microsoft Visual Studio Solution File, Format Version 12.00
# Visual Studio Version 16
VisualStudioVersion = 16.0.31112.23
MinimumVisualStudioVersion = 10.0.40219.1
Project("{9A19103F-16F7-4668-BE54-9A1E7A4F7556}") = "VectorLab4", "VectorLab4.csproj", "{B325EDD5-1DB9-4DAF-B186-C178AEC39914}"
EndProject
Project("{9A19103F-16F7-4668-BE54-9A1E7A4F7556}") = "VectorLibrary", "..\VectorLibrary\VectorLibrary.csproj", "{CA7F3CA9-778A-4EBD-A063-DC145C1A76A6}"
EndProject
Project("{FAE04EC0-301F-11D3-BF4B-00C04F79EFBC}") = "VectorTestProject", "..\VectorTestProject\VectorTestProject.csproj", "{0BAC3CD8-AD67-4EAF-884F-550379BD54E7}"
EndProject
Global
	GlobalSection(SolutionConfigurationPlatforms) = preSolution
		Debug|Any CPU = Debug|Any CPU
		Release|Any CPU = Release|Any CPU
	EndGlobalSection
	GlobalSection(ProjectConfigurationPlatforms) = postSolution
		{B325EDD5-1DB9-4DAF-B186-C178AEC39914}.Debug|Any CPU.ActiveCfg = Debug|Any CPU
		{B325EDD5-1DB9-4DAF-B186-C178AEC39914}.Debug|Any CPU.Build.0 = Debug|Any CPU
		{B325EDD5-1DB9-4DAF-B186-C178AEC39914}.Release|Any CPU.ActiveCfg = Release|Any CPU
		{B325EDD5-1DB9-4DAF-B186-C178AEC39914}.Release|Any CPU.Build.0 = Release|Any CPU
		{CA7F3CA9-778A-4EBD-A063-DC145C1A76A6}.Debug|Any CPU.ActiveCfg = Debug|Any CPU
		{CA7F3CA9-778A-4EBD-A063-DC145C1A76A6}.Debug|Any CPU.Build.0 = Debug|Any CPU
		{CA7F3CA9-778A-4EBD-A063-DC145C1A76A6}.Release|Any CPU.ActiveCfg = Release|Any CPU
		{CA7F3CA9-778A-4EBD-A063-DC145C1A76A6}.Release|Any CPU.Build.0 = Release|Any CPU
		{0BAC3CD8-AD67-4EAF-884F-550379BD54E7}.Debug|Any CPU.ActiveCfg = Debug|Any CPU
		{0BAC3CD8-AD67-4EAF-884F-550379BD54E7}.Debug|Any CPU.Build.0 = Debug|Any CPU
		{0BAC3CD8-AD67-4EAF-884F-550379BD54E7}.Release|Any CPU.ActiveCfg = Release|Any CPU
		{0BAC3CD8-AD67-4EAF-884F-550379BD54E7}.Release|Any CPU.Build.0 = Release|Any CPU
	EndGlobalSection
	GlobalSection(SolutionProperties) = preSolution
		HideSolutionNode = FALSE
	EndGlobalSection
	GlobalSection(ExtensibilityGlobals) = postSolution
		SolutionGuid = {EE664ECD-16BA-4765-9F47-4E60EBA0F67F}
	EndGlobalSection
EndGlobal
